// !$*UTF8*$!
{
	archiveVersion = 1;
	classes = {
	};
	objectVersion = 50;
	objects = {

/* Begin PBXBuildFile section */
		2926234B252AD2DF006AD380 /* AppDelegate.swift in Sources */ = {isa = PBXBuildFile; fileRef = 2926234A252AD2DF006AD380 /* AppDelegate.swift */; };
		2926234D252AD2DF006AD380 /* SceneDelegate.swift in Sources */ = {isa = PBXBuildFile; fileRef = 2926234C252AD2DF006AD380 /* SceneDelegate.swift */; };
		2926234F252AD2DF006AD380 /* ViewController.swift in Sources */ = {isa = PBXBuildFile; fileRef = 2926234E252AD2DF006AD380 /* ViewController.swift */; };
		29262352252AD2DF006AD380 /* Main.storyboard in Resources */ = {isa = PBXBuildFile; fileRef = 29262350252AD2DF006AD380 /* Main.storyboard */; };
		29262354252AD2E0006AD380 /* Assets.xcassets in Resources */ = {isa = PBXBuildFile; fileRef = 29262353252AD2E0006AD380 /* Assets.xcassets */; };
		29262357252AD2E0006AD380 /* LaunchScreen.storyboard in Resources */ = {isa = PBXBuildFile; fileRef = 29262355252AD2E0006AD380 /* LaunchScreen.storyboard */; };
		2926235F252AD7E4006AD380 /* DisplayView.swift in Sources */ = {isa = PBXBuildFile; fileRef = 2926235E252AD7E4006AD380 /* DisplayView.swift */; };
		29262364252CE0EB006AD380 /* Animal.swift in Sources */ = {isa = PBXBuildFile; fileRef = 29262363252CE0EB006AD380 /* Animal.swift */; };
		29262368252ED199006AD380 /* PlaySound.swift in Sources */ = {isa = PBXBuildFile; fileRef = 29262367252ED199006AD380 /* PlaySound.swift */; };
		29D1A53E252F84DF00348DCB /* munching.mp3 in Resources */ = {isa = PBXBuildFile; fileRef = 29D1A53D252F84DF00348DCB /* munching.mp3 */; };
		29D1A540252F961200348DCB /* Gif.swift in Sources */ = {isa = PBXBuildFile; fileRef = 29D1A53F252F961200348DCB /* Gif.swift */; };
		29D1A548252F96C900348DCB /* animated-fish.gif in Resources */ = {isa = PBXBuildFile; fileRef = 29D1A543252F96C900348DCB /* animated-fish.gif */; };
		29D1A551252F9A6900348DCB /* birdsm.gif in Resources */ = {isa = PBXBuildFile; fileRef = 29D1A550252F9A6900348DCB /* birdsm.gif */; };
		29D1A555252F9B3100348DCB /* catsm.gif in Resources */ = {isa = PBXBuildFile; fileRef = 29D1A554252F9B3100348DCB /* catsm.gif */; };
		29D1A557252F9C0600348DCB /* dogsm.gif in Resources */ = {isa = PBXBuildFile; fileRef = 29D1A556252F9C0600348DCB /* dogsm.gif */; };
		29D1A559252F9CB900348DCB /* bunnysm.gif in Resources */ = {isa = PBXBuildFile; fileRef = 29D1A558252F9CB900348DCB /* bunnysm.gif */; };
		29D1A55B252FA6B000348DCB /* fireworks.mp3 in Resources */ = {isa = PBXBuildFile; fileRef = 29D1A55A252FA6B000348DCB /* fireworks.mp3 */; };
		29F91078252F7D6500707B2A /* bark.mp3 in Resources */ = {isa = PBXBuildFile; fileRef = 29F91077252F7D6500707B2A /* bark.mp3 */; };
		29F9107A252F7DF300707B2A /* meow.mp3 in Resources */ = {isa = PBXBuildFile; fileRef = 29F91079252F7DF300707B2A /* meow.mp3 */; };
		29F9107C252F7E9F00707B2A /* chirp.mp3 in Resources */ = {isa = PBXBuildFile; fileRef = 29F9107B252F7E9F00707B2A /* chirp.mp3 */; };
		29F9107E252F834400707B2A /* rabbit.mp3 in Resources */ = {isa = PBXBuildFile; fileRef = 29F9107D252F834400707B2A /* rabbit.mp3 */; };
		29F91080252F83F600707B2A /* splash.mp3 in Resources */ = {isa = PBXBuildFile; fileRef = 29F9107F252F83F600707B2A /* splash.mp3 */; };
/* End PBXBuildFile section */

/* Begin PBXFileReference section */
		29262347252AD2DF006AD380 /* Lab 2.app */ = {isa = PBXFileReference; explicitFileType = wrapper.application; includeInIndex = 0; path = "Lab 2.app"; sourceTree = BUILT_PRODUCTS_DIR; };
		2926234A252AD2DF006AD380 /* AppDelegate.swift */ = {isa = PBXFileReference; lastKnownFileType = sourcecode.swift; path = AppDelegate.swift; sourceTree = "<group>"; };
		2926234C252AD2DF006AD380 /* SceneDelegate.swift */ = {isa = PBXFileReference; lastKnownFileType = sourcecode.swift; path = SceneDelegate.swift; sourceTree = "<group>"; };
		2926234E252AD2DF006AD380 /* ViewController.swift */ = {isa = PBXFileReference; lastKnownFileType = sourcecode.swift; path = ViewController.swift; sourceTree = "<group>"; };
		29262351252AD2DF006AD380 /* Base */ = {isa = PBXFileReference; lastKnownFileType = file.storyboard; name = Base; path = Base.lproj/Main.storyboard; sourceTree = "<group>"; };
		29262353252AD2E0006AD380 /* Assets.xcassets */ = {isa = PBXFileReference; lastKnownFileType = folder.assetcatalog; path = Assets.xcassets; sourceTree = "<group>"; };
		29262356252AD2E0006AD380 /* Base */ = {isa = PBXFileReference; lastKnownFileType = file.storyboard; name = Base; path = Base.lproj/LaunchScreen.storyboard; sourceTree = "<group>"; };
		29262358252AD2E0006AD380 /* Info.plist */ = {isa = PBXFileReference; lastKnownFileType = text.plist.xml; path = Info.plist; sourceTree = "<group>"; };
		2926235E252AD7E4006AD380 /* DisplayView.swift */ = {isa = PBXFileReference; fileEncoding = 4; lastKnownFileType = sourcecode.swift; path = DisplayView.swift; sourceTree = "<group>"; };
		29262363252CE0EB006AD380 /* Animal.swift */ = {isa = PBXFileReference; lastKnownFileType = sourcecode.swift; path = Animal.swift; sourceTree = "<group>"; };
		29262367252ED199006AD380 /* PlaySound.swift */ = {isa = PBXFileReference; lastKnownFileType = sourcecode.swift; path = PlaySound.swift; sourceTree = "<group>"; };
		29D1A53D252F84DF00348DCB /* munching.mp3 */ = {isa = PBXFileReference; lastKnownFileType = audio.mp3; path = munching.mp3; sourceTree = "<group>"; };
		29D1A53F252F961200348DCB /* Gif.swift */ = {isa = PBXFileReference; lastKnownFileType = sourcecode.swift; path = Gif.swift; sourceTree = "<group>"; };
		29D1A543252F96C900348DCB /* animated-fish.gif */ = {isa = PBXFileReference; lastKnownFileType = image.gif; path = "animated-fish.gif"; sourceTree = "<group>"; };
		29D1A550252F9A6900348DCB /* birdsm.gif */ = {isa = PBXFileReference; lastKnownFileType = image.gif; path = birdsm.gif; sourceTree = "<group>"; };
		29D1A554252F9B3100348DCB /* catsm.gif */ = {isa = PBXFileReference; lastKnownFileType = image.gif; path = catsm.gif; sourceTree = "<group>"; };
		29D1A556252F9C0600348DCB /* dogsm.gif */ = {isa = PBXFileReference; lastKnownFileType = image.gif; path = dogsm.gif; sourceTree = "<group>"; };
		29D1A558252F9CB900348DCB /* bunnysm.gif */ = {isa = PBXFileReference; lastKnownFileType = image.gif; path = bunnysm.gif; sourceTree = "<group>"; };
		29D1A55A252FA6B000348DCB /* fireworks.mp3 */ = {isa = PBXFileReference; lastKnownFileType = audio.mp3; path = fireworks.mp3; sourceTree = "<group>"; };
		29F91077252F7D6500707B2A /* bark.mp3 */ = {isa = PBXFileReference; lastKnownFileType = audio.mp3; path = bark.mp3; sourceTree = "<group>"; };
		29F91079252F7DF300707B2A /* meow.mp3 */ = {isa = PBXFileReference; lastKnownFileType = audio.mp3; path = meow.mp3; sourceTree = "<group>"; };
		29F9107B252F7E9F00707B2A /* chirp.mp3 */ = {isa = PBXFileReference; lastKnownFileType = audio.mp3; path = chirp.mp3; sourceTree = "<group>"; };
		29F9107D252F834400707B2A /* rabbit.mp3 */ = {isa = PBXFileReference; lastKnownFileType = audio.mp3; path = rabbit.mp3; sourceTree = "<group>"; };
		29F9107F252F83F600707B2A /* splash.mp3 */ = {isa = PBXFileReference; lastKnownFileType = audio.mp3; path = splash.mp3; sourceTree = "<group>"; };
/* End PBXFileReference section */

/* Begin PBXFrameworksBuildPhase section */
		29262344252AD2DF006AD380 /* Frameworks */ = {
			isa = PBXFrameworksBuildPhase;
			buildActionMask = 2147483647;
			files = (
			);
			runOnlyForDeploymentPostprocessing = 0;
		};
/* End PBXFrameworksBuildPhase section */

/* Begin PBXGroup section */
		2926233E252AD2DF006AD380 = {
			isa = PBXGroup;
			children = (
				29262363252CE0EB006AD380 /* Animal.swift */,
				29262349252AD2DF006AD380 /* Lab 2 */,
				29262348252AD2DF006AD380 /* Products */,
			);
			sourceTree = "<group>";
		};
		29262348252AD2DF006AD380 /* Products */ = {
			isa = PBXGroup;
			children = (
				29262347252AD2DF006AD380 /* Lab 2.app */,
			);
			name = Products;
			sourceTree = "<group>";
		};
		29262349252AD2DF006AD380 /* Lab 2 */ = {
			isa = PBXGroup;
			children = (
				2926234A252AD2DF006AD380 /* AppDelegate.swift */,
				2926234C252AD2DF006AD380 /* SceneDelegate.swift */,
				2926234E252AD2DF006AD380 /* ViewController.swift */,
				29D1A541252F96BD00348DCB /* Gif */,
				29D1A53F252F961200348DCB /* Gif.swift */,
				29262350252AD2DF006AD380 /* Main.storyboard */,
				29262353252AD2E0006AD380 /* Assets.xcassets */,
				29262355252AD2E0006AD380 /* LaunchScreen.storyboard */,
				2926235E252AD7E4006AD380 /* DisplayView.swift */,
				29262358252AD2E0006AD380 /* Info.plist */,
				29262367252ED199006AD380 /* PlaySound.swift */,
				2926236B252ED330006AD380 /* Sound */,
			);
			path = "Lab 2";
			sourceTree = "<group>";
		};
		2926236B252ED330006AD380 /* Sound */ = {
			isa = PBXGroup;
			children = (
				29F9107D252F834400707B2A /* rabbit.mp3 */,
				29F9107F252F83F600707B2A /* splash.mp3 */,
				29D1A53D252F84DF00348DCB /* munching.mp3 */,
				29D1A55A252FA6B000348DCB /* fireworks.mp3 */,
				29F91077252F7D6500707B2A /* bark.mp3 */,
				29F91079252F7DF300707B2A /* meow.mp3 */,
				29F9107B252F7E9F00707B2A /* chirp.mp3 */,
			);
			path = Sound;
			sourceTree = "<group>";
		};
		29D1A541252F96BD00348DCB /* Gif */ = {
			isa = PBXGroup;
			children = (
				29D1A554252F9B3100348DCB /* catsm.gif */,
				29D1A556252F9C0600348DCB /* dogsm.gif */,
				29D1A543252F96C900348DCB /* animated-fish.gif */,
				29D1A558252F9CB900348DCB /* bunnysm.gif */,
				29D1A550252F9A6900348DCB /* birdsm.gif */,
			);
			path = Gif;
			sourceTree = "<group>";
		};
/* End PBXGroup section */

/* Begin PBXNativeTarget section */
		29262346252AD2DF006AD380 /* Lab 2 */ = {
			isa = PBXNativeTarget;
			buildConfigurationList = 2926235B252AD2E0006AD380 /* Build configuration list for PBXNativeTarget "Lab 2" */;
			buildPhases = (
				29262343252AD2DF006AD380 /* Sources */,
				29262344252AD2DF006AD380 /* Frameworks */,
				29262345252AD2DF006AD380 /* Resources */,
			);
			buildRules = (
			);
			dependencies = (
			);
			name = "Lab 2";
			productName = "Lab 2";
			productReference = 29262347252AD2DF006AD380 /* Lab 2.app */;
			productType = "com.apple.product-type.application";
		};
/* End PBXNativeTarget section */

/* Begin PBXProject section */
		2926233F252AD2DF006AD380 /* Project object */ = {
			isa = PBXProject;
			attributes = {
				LastSwiftUpdateCheck = 1150;
				LastUpgradeCheck = 1150;
				ORGANIZATIONNAME = "Katie Vanesko";
				TargetAttributes = {
					29262346252AD2DF006AD380 = {
						CreatedOnToolsVersion = 11.5;
					};
				};
			};
			buildConfigurationList = 29262342252AD2DF006AD380 /* Build configuration list for PBXProject "Lab 2" */;
			compatibilityVersion = "Xcode 9.3";
			developmentRegion = en;
			hasScannedForEncodings = 0;
			knownRegions = (
				en,
				Base,
			);
			mainGroup = 2926233E252AD2DF006AD380;
			productRefGroup = 29262348252AD2DF006AD380 /* Products */;
			projectDirPath = "";
			projectRoot = "";
			targets = (
				29262346252AD2DF006AD380 /* Lab 2 */,
			);
		};
/* End PBXProject section */

/* Begin PBXResourcesBuildPhase section */
		29262345252AD2DF006AD380 /* Resources */ = {
			isa = PBXResourcesBuildPhase;
			buildActionMask = 2147483647;
			files = (
				29262357252AD2E0006AD380 /* LaunchScreen.storyboard in Resources */,
				29D1A548252F96C900348DCB /* animated-fish.gif in Resources */,
				29F91078252F7D6500707B2A /* bark.mp3 in Resources */,
				29D1A555252F9B3100348DCB /* catsm.gif in Resources */,
				29F9107A252F7DF300707B2A /* meow.mp3 in Resources */,
				29262354252AD2E0006AD380 /* Assets.xcassets in Resources */,
				29D1A559252F9CB900348DCB /* bunnysm.gif in Resources */,
				29D1A53E252F84DF00348DCB /* munching.mp3 in Resources */,
				29F9107E252F834400707B2A /* rabbit.mp3 in Resources */,
				29262352252AD2DF006AD380 /* Main.storyboard in Resources */,
				29F9107C252F7E9F00707B2A /* chirp.mp3 in Resources */,
				29F91080252F83F600707B2A /* splash.mp3 in Resources */,
				29D1A55B252FA6B000348DCB /* fireworks.mp3 in Resources */,
				29D1A557252F9C0600348DCB /* dogsm.gif in Resources */,
				29D1A551252F9A6900348DCB /* birdsm.gif in Resources */,
			);
			runOnlyForDeploymentPostprocessing = 0;
		};
/* End PBXResourcesBuildPhase section */

/* Begin PBXSourcesBuildPhase section */
		29262343252AD2DF006AD380 /* Sources */ = {
			isa = PBXSourcesBuildPhase;
			buildActionMask = 2147483647;
			files = (
				2926234F252AD2DF006AD380 /* ViewController.swift in Sources */,
				29262368252ED199006AD380 /* PlaySound.swift in Sources */,
				2926235F252AD7E4006AD380 /* DisplayView.swift in Sources */,
				2926234B252AD2DF006AD380 /* AppDelegate.swift in Sources */,
				29262364252CE0EB006AD380 /* Animal.swift in Sources */,
				29D1A540252F961200348DCB /* Gif.swift in Sources */,
				2926234D252AD2DF006AD380 /* SceneDelegate.swift in Sources */,
			);
			runOnlyForDeploymentPostprocessing = 0;
		};
/* End PBXSourcesBuildPhase section */

/* Begin PBXVariantGroup section */
		29262350252AD2DF006AD380 /* Main.storyboard */ = {
			isa = PBXVariantGroup;
			children = (
				29262351252AD2DF006AD380 /* Base */,
			);
			name = Main.storyboard;
			sourceTree = "<group>";
		};
		29262355252AD2E0006AD380 /* LaunchScreen.storyboard */ = {
			isa = PBXVariantGroup;
			children = (
				29262356252AD2E0006AD380 /* Base */,
			);
			name = LaunchScreen.storyboard;
			sourceTree = "<group>";
		};
/* End PBXVariantGroup section */

/* Begin XCBuildConfiguration section */
		29262359252AD2E0006AD380 /* Debug */ = {
			isa = XCBuildConfiguration;
			buildSettings = {
				ALWAYS_SEARCH_USER_PATHS = NO;
				CLANG_ANALYZER_NONNULL = YES;
				CLANG_ANALYZER_NUMBER_OBJECT_CONVERSION = YES_AGGRESSIVE;
				CLANG_CXX_LANGUAGE_STANDARD = "gnu++14";
				CLANG_CXX_LIBRARY = "libc++";
				CLANG_ENABLE_MODULES = YES;
				CLANG_ENABLE_OBJC_ARC = YES;
				CLANG_ENABLE_OBJC_WEAK = YES;
				CLANG_WARN_BLOCK_CAPTURE_AUTORELEASING = YES;
				CLANG_WARN_BOOL_CONVERSION = YES;
				CLANG_WARN_COMMA = YES;
				CLANG_WARN_CONSTANT_CONVERSION = YES;
				CLANG_WARN_DEPRECATED_OBJC_IMPLEMENTATIONS = YES;
				CLANG_WARN_DIRECT_OBJC_ISA_USAGE = YES_ERROR;
				CLANG_WARN_DOCUMENTATION_COMMENTS = YES;
				CLANG_WARN_EMPTY_BODY = YES;
				CLANG_WARN_ENUM_CONVERSION = YES;
				CLANG_WARN_INFINITE_RECURSION = YES;
				CLANG_WARN_INT_CONVERSION = YES;
				CLANG_WARN_NON_LITERAL_NULL_CONVERSION = YES;
				CLANG_WARN_OBJC_IMPLICIT_RETAIN_SELF = YES;
				CLANG_WARN_OBJC_LITERAL_CONVERSION = YES;
				CLANG_WARN_OBJC_ROOT_CLASS = YES_ERROR;
				CLANG_WARN_RANGE_LOOP_ANALYSIS = YES;
				CLANG_WARN_STRICT_PROTOTYPES = YES;
				CLANG_WARN_SUSPICIOUS_MOVE = YES;
				CLANG_WARN_UNGUARDED_AVAILABILITY = YES_AGGRESSIVE;
				CLANG_WARN_UNREACHABLE_CODE = YES;
				CLANG_WARN__DUPLICATE_METHOD_MATCH = YES;
				COPY_PHASE_STRIP = NO;
				DEBUG_INFORMATION_FORMAT = dwarf;
				ENABLE_STRICT_OBJC_MSGSEND = YES;
				ENABLE_TESTABILITY = YES;
				GCC_C_LANGUAGE_STANDARD = gnu11;
				GCC_DYNAMIC_NO_PIC = NO;
				GCC_NO_COMMON_BLOCKS = YES;
				GCC_OPTIMIZATION_LEVEL = 0;
				GCC_PREPROCESSOR_DEFINITIONS = (
					"DEBUG=1",
					"$(inherited)",
				);
				GCC_WARN_64_TO_32_BIT_CONVERSION = YES;
				GCC_WARN_ABOUT_RETURN_TYPE = YES_ERROR;
				GCC_WARN_UNDECLARED_SELECTOR = YES;
				GCC_WARN_UNINITIALIZED_AUTOS = YES_AGGRESSIVE;
				GCC_WARN_UNUSED_FUNCTION = YES;
				GCC_WARN_UNUSED_VARIABLE = YES;
				IPHONEOS_DEPLOYMENT_TARGET = 13.5;
				MTL_ENABLE_DEBUG_INFO = INCLUDE_SOURCE;
				MTL_FAST_MATH = YES;
				ONLY_ACTIVE_ARCH = YES;
				SDKROOT = iphoneos;
				SWIFT_ACTIVE_COMPILATION_CONDITIONS = DEBUG;
				SWIFT_OPTIMIZATION_LEVEL = "-Onone";
			};
			name = Debug;
		};
		2926235A252AD2E0006AD380 /* Release */ = {
			isa = XCBuildConfiguration;
			buildSettings = {
				ALWAYS_SEARCH_USER_PATHS = NO;
				CLANG_ANALYZER_NONNULL = YES;
				CLANG_ANALYZER_NUMBER_OBJECT_CONVERSION = YES_AGGRESSIVE;
				CLANG_CXX_LANGUAGE_STANDARD = "gnu++14";
				CLANG_CXX_LIBRARY = "libc++";
				CLANG_ENABLE_MODULES = YES;
				CLANG_ENABLE_OBJC_ARC = YES;
				CLANG_ENABLE_OBJC_WEAK = YES;
				CLANG_WARN_BLOCK_CAPTURE_AUTORELEASING = YES;
				CLANG_WARN_BOOL_CONVERSION = YES;
				CLANG_WARN_COMMA = YES;
				CLANG_WARN_CONSTANT_CONVERSION = YES;
				CLANG_WARN_DEPRECATED_OBJC_IMPLEMENTATIONS = YES;
				CLANG_WARN_DIRECT_OBJC_ISA_USAGE = YES_ERROR;
				CLANG_WARN_DOCUMENTATION_COMMENTS = YES;
				CLANG_WARN_EMPTY_BODY = YES;
				CLANG_WARN_ENUM_CONVERSION = YES;
				CLANG_WARN_INFINITE_RECURSION = YES;
				CLANG_WARN_INT_CONVERSION = YES;
				CLANG_WARN_NON_LITERAL_NULL_CONVERSION = YES;
				CLANG_WARN_OBJC_IMPLICIT_RETAIN_SELF = YES;
				CLANG_WARN_OBJC_LITERAL_CONVERSION = YES;
				CLANG_WARN_OBJC_ROOT_CLASS = YES_ERROR;
				CLANG_WARN_RANGE_LOOP_ANALYSIS = YES;
				CLANG_WARN_STRICT_PROTOTYPES = YES;
				CLANG_WARN_SUSPICIOUS_MOVE = YES;
				CLANG_WARN_UNGUARDED_AVAILABILITY = YES_AGGRESSIVE;
				CLANG_WARN_UNREACHABLE_CODE = YES;
				CLANG_WARN__DUPLICATE_METHOD_MATCH = YES;
				COPY_PHASE_STRIP = NO;
				DEBUG_INFORMATION_FORMAT = "dwarf-with-dsym";
				ENABLE_NS_ASSERTIONS = NO;
				ENABLE_STRICT_OBJC_MSGSEND = YES;
				GCC_C_LANGUAGE_STANDARD = gnu11;
				GCC_NO_COMMON_BLOCKS = YES;
				GCC_WARN_64_TO_32_BIT_CONVERSION = YES;
				GCC_WARN_ABOUT_RETURN_TYPE = YES_ERROR;
				GCC_WARN_UNDECLARED_SELECTOR = YES;
				GCC_WARN_UNINITIALIZED_AUTOS = YES_AGGRESSIVE;
				GCC_WARN_UNUSED_FUNCTION = YES;
				GCC_WARN_UNUSED_VARIABLE = YES;
				IPHONEOS_DEPLOYMENT_TARGET = 13.5;
				MTL_ENABLE_DEBUG_INFO = NO;
				MTL_FAST_MATH = YES;
				SDKROOT = iphoneos;
				SWIFT_COMPILATION_MODE = wholemodule;
				SWIFT_OPTIMIZATION_LEVEL = "-O";
				VALIDATE_PRODUCT = YES;
			};
			name = Release;
		};
		2926235C252AD2E0006AD380 /* Debug */ = {
			isa = XCBuildConfiguration;
			buildSettings = {
				ASSETCATALOG_COMPILER_APPICON_NAME = AppIcon;
				CODE_SIGN_STYLE = Automatic;
				DEVELOPMENT_TEAM = 5V65388LFU;
				INFOPLIST_FILE = "Lab 2/Info.plist";
				LD_RUNPATH_SEARCH_PATHS = (
					"$(inherited)",
					"@executable_path/Frameworks",
				);
				PRODUCT_BUNDLE_IDENTIFIER = "katie.Lab-2";
				PRODUCT_NAME = "$(TARGET_NAME)";
				SWIFT_VERSION = 5.0;
				TARGETED_DEVICE_FAMILY = "1,2";
			};
			name = Debug;
		};
		2926235D252AD2E0006AD380 /* Release */ = {
			isa = XCBuildConfiguration;
			buildSettings = {
				ASSETCATALOG_COMPILER_APPICON_NAME = AppIcon;
				CODE_SIGN_STYLE = Automatic;
				DEVELOPMENT_TEAM = 5V65388LFU;
				INFOPLIST_FILE = "Lab 2/Info.plist";
				LD_RUNPATH_SEARCH_PATHS = (
					"$(inherited)",
					"@executable_path/Frameworks",
				);
				PRODUCT_BUNDLE_IDENTIFIER = "katie.Lab-2";
				PRODUCT_NAME = "$(TARGET_NAME)";
				SWIFT_VERSION = 5.0;
				TARGETED_DEVICE_FAMILY = "1,2";
			};
			name = Release;
		};
/* End XCBuildConfiguration section */

/* Begin XCConfigurationList section */
		29262342252AD2DF006AD380 /* Build configuration list for PBXProject "Lab 2" */ = {
			isa = XCConfigurationList;
			buildConfigurations = (
				29262359252AD2E0006AD380 /* Debug */,
				2926235A252AD2E0006AD380 /* Release */,
			);
			defaultConfigurationIsVisible = 0;
			defaultConfigurationName = Release;
		};
		2926235B252AD2E0006AD380 /* Build configuration list for PBXNativeTarget "Lab 2" */ = {
			isa = XCConfigurationList;
			buildConfigurations = (
				2926235C252AD2E0006AD380 /* Debug */,
				2926235D252AD2E0006AD380 /* Release */,
			);
			defaultConfigurationIsVisible = 0;
			defaultConfigurationName = Release;
		};
/* End XCConfigurationList section */
	};
	rootObject = 2926233F252AD2DF006AD380 /* Project object */;
}
